
Microsoft Visual Studio Solution File, Format Version 12.00
# Visual Studio Version 17
VisualStudioVersion = 17.4.33213.308
MinimumVisualStudioVersion = 10.0.40219.1
Project("{FAE04EC0-301F-11D3-BF4B-00C04F79EFBC}") = "Testgame", "Testgame.csproj", "{28B54EEE-DCDC-4813-AB0C-2F270164BBD7}"
EndProject
Global
	GlobalSection(SolutionConfigurationPlatforms) = preSolution
		Debug|Any CPU = Debug|Any CPU
		Release|Any CPU = Release|Any CPU
	EndGlobalSection
	GlobalSection(ProjectConfigurationPlatforms) = postSolution
		{28B54EEE-DCDC-4813-AB0C-2F270164BBD7}.Debug|Any CPU.ActiveCfg = Debug|Any CPU
		{28B54EEE-DCDC-4813-AB0C-2F270164BBD7}.Debug|Any CPU.Build.0 = Debug|Any CPU
		{28B54EEE-DCDC-4813-AB0C-2F270164BBD7}.Release|Any CPU.ActiveCfg = Release|Any CPU
		{28B54EEE-DCDC-4813-AB0C-2F270164BBD7}.Release|Any CPU.Build.0 = Release|Any CPU
	EndGlobalSection
	GlobalSection(SolutionProperties) = preSolution
		HideSolutionNode = FALSE
	EndGlobalSection
	GlobalSection(ExtensibilityGlobals) = postSolution
		SolutionGuid = {9DAA44CD-AE96-4FA5-A1BD-703ECCD490A2}
	EndGlobalSection
EndGlobal
